
Microsoft Visual Studio Solution File, Format Version 12.00
# Visual Studio 15
VisualStudioVersion = 15.0.28307.572
MinimumVisualStudioVersion = 10.0.40219.1
Project("{9A19103F-16F7-4668-BE54-9A1E7A4F7556}") = "CAOrgManager", "CAOrgManager\CAOrgManager.csproj", "{C10AC3BC-98CA-4BE7-BA09-4AB29589647E}"
EndProject
Global
	GlobalSection(SolutionConfigurationPlatforms) = preSolution
		Debug|Any CPU = Debug|Any CPU
		Debug|x64 = Debug|x64
		Release|Any CPU = Release|Any CPU
		Release|x64 = Release|x64
	EndGlobalSection
	GlobalSection(ProjectConfigurationPlatforms) = postSolution
		{C10AC3BC-98CA-4BE7-BA09-4AB29589647E}.Debug|Any CPU.ActiveCfg = Debug|Any CPU
		{C10AC3BC-98CA-4BE7-BA09-4AB29589647E}.Debug|Any CPU.Build.0 = Debug|Any CPU
		{C10AC3BC-98CA-4BE7-BA09-4AB29589647E}.Debug|x64.ActiveCfg = Debug|Any CPU
		{C10AC3BC-98CA-4BE7-BA09-4AB29589647E}.Debug|x64.Build.0 = Debug|Any CPU
		{C10AC3BC-98CA-4BE7-BA09-4AB29589647E}.Release|Any CPU.ActiveCfg = Release|Any CPU
		{C10AC3BC-98CA-4BE7-BA09-4AB29589647E}.Release|Any CPU.Build.0 = Release|Any CPU
		{C10AC3BC-98CA-4BE7-BA09-4AB29589647E}.Release|x64.ActiveCfg = Release|Any CPU
		{C10AC3BC-98CA-4BE7-BA09-4AB29589647E}.Release|x64.Build.0 = Release|Any CPU
	EndGlobalSection
	GlobalSection(SolutionProperties) = preSolution
		HideSolutionNode = FALSE
	EndGlobalSection
	GlobalSection(ExtensibilityGlobals) = postSolution
		SolutionGuid = {26230D64-8FA0-4C33-B464-D49F9F9D2331}
	EndGlobalSection
EndGlobal
